{
    "_readme": [
        "This file locks the dependencies of your project to a known state",
        "Read more about it at https://getcomposer.org/doc/01-basic-usage.md#installing-dependencies",
        "This file is @generated automatically"
    ],
    "content-hash": "1059f76aebf23d6118882b869e027b64",
    "packages": [
        {
            "name": "severyak/lib",
            "version": "dev-master",
            "source": {
                "type": "git",
                "url": "https://github.com/severyak/lib.git",
                "reference": "6f0c359bad249cca7ce2f158dabfb2fbd8baea29"
            },
            "dist": {
                "type": "zip",
                "url": "https://api.github.com/repos/severyak/lib/zipball/6f0c359bad249cca7ce2f158dabfb2fbd8baea29",
                "reference": "6f0c359bad249cca7ce2f158dabfb2fbd8baea29",
                "shasum": ""
            },
            "default-branch": true,
            "type": "library",
            "autoload": {
                "psr-4": {
                    "Severyak\\": "src/"
                }
            },
            "notification-url": "https://packagist.org/downloads/",
            "authors": [
                {
                    "name": "Aleksei Severyak",
                    "email": "severyachok@gmail.com"
                }
            ],
            "support": {
                "issues": "https://github.com/severyak/lib/issues",
                "source": "https://github.com/severyak/lib/tree/master"
            },
            "time": "2021-06-08T10:34:47+00:00"
        }
    ],
    "packages-dev": [],
    "aliases": [],
    "minimum-stability": "stable",
    "stability-flags": {
        "severyak/lib": 20
    },
    "prefer-stable": false,
    "prefer-lowest": false,
    "platform": [],
    "platform-dev": [],
    "plugin-api-version": "2.0.0"
}
